
Microsoft Visual Studio Solution File, Format Version 12.00
# Visual Studio Version 16
VisualStudioVersion = 16.0.30717.126
MinimumVisualStudioVersion = 10.0.40219.1
Project("{8BC9CEB8-8B4A-11D0-8D11-00A0C91BC942}") = "Battle_DS", "Battle_DS\Battle_DS.vcxproj", "{6CBB00A1-2739-4085-AC43-00449DDA754A}"
EndProject
Project("{8BC9CEB8-8B4A-11D0-8D11-00A0C91BC942}") = "seq_list", "..\seq_list\seq_list\seq_list.vcxproj", "{26663AED-EB36-4B51-8F39-58245BF0E90B}"
EndProject
Project("{8BC9CEB8-8B4A-11D0-8D11-00A0C91BC942}") = "link_list", "..\link_list\link_list\link_list.vcxproj", "{B068397B-334E-4FE0-8AB7-6F11B16E9B19}"
EndProject
Project("{8BC9CEB8-8B4A-11D0-8D11-00A0C91BC942}") = "static_link_list", "..\static_link_list\static_link_list\static_link_list.vcxproj", "{1DB5802A-FF7F-4511-B479-23EBA1D139CB}"
EndProject
Project("{2150E333-8FDC-42A3-9474-1A3956D46DE8}") = "线性表", "线性表", "{E2C1DF14-E4CD-4EBB-9E25-167247B25968}"
EndProject
Project("{2150E333-8FDC-42A3-9474-1A3956D46DE8}") = "栈与队列", "栈与队列", "{F43C23D2-137B-4C2F-8DD6-79AA11DA7DF9}"
EndProject
Project("{8BC9CEB8-8B4A-11D0-8D11-00A0C91BC942}") = "seq_stack", "..\seq_stack\seq_stack\seq_stack.vcxproj", "{CEF52604-E4FD-47BD-B4F4-1B2AE552828D}"
EndProject
Project("{8BC9CEB8-8B4A-11D0-8D11-00A0C91BC942}") = "share_stack", "..\share_stack\share_stack\share_stack.vcxproj", "{E9986EAC-F8B6-4ADF-91F9-63977AFDD347}"
EndProject
Project("{8BC9CEB8-8B4A-11D0-8D11-00A0C91BC942}") = "link_stack", "..\link_stack\link_stack\link_stack.vcxproj", "{02A4FCEF-87FE-49DD-96B3-312947256C76}"
EndProject
Project("{8BC9CEB8-8B4A-11D0-8D11-00A0C91BC942}") = "Fibonacci", "..\Fibonacci\Fibonacci\Fibonacci.vcxproj", "{ABD97C6F-EE5F-4AB6-9FF9-2802BF6259D4}"
EndProject
Project("{8BC9CEB8-8B4A-11D0-8D11-00A0C91BC942}") = "seq_queue", "..\seq_queue\seq_queue\seq_queue.vcxproj", "{07883E8F-7EFD-40EC-B32E-D16FEB2DF526}"
EndProject
Project("{8BC9CEB8-8B4A-11D0-8D11-00A0C91BC942}") = "link_queue", "..\link_queue\link_queue\link_queue.vcxproj", "{1D29D47B-7F97-4441-B17E-9B54D66E0C80}"
EndProject
Project("{8BC9CEB8-8B4A-11D0-8D11-00A0C91BC942}") = "string", "..\string\string\string.vcxproj", "{C7C82A52-5FBD-4120-8BC1-61231B7C2840}"
EndProject
Project("{2150E333-8FDC-42A3-9474-1A3956D46DE8}") = "串", "串", "{01FA9C0D-C020-4EC5-BBCD-0D8890D6F150}"
EndProject
Project("{8BC9CEB8-8B4A-11D0-8D11-00A0C91BC942}") = "KMP", "..\KMP\KMP\KMP.vcxproj", "{EBDAB2EC-A6B2-4AA2-A6FB-30A85F932108}"
EndProject
Project("{8BC9CEB8-8B4A-11D0-8D11-00A0C91BC942}") = "KMP_utf-8", "..\KMP_utf-8\KMP_utf-8\KMP_utf-8.vcxproj", "{7A2720F6-FCE6-43B5-B414-5DD890EE2176}"
EndProject
Project("{8BC9CEB8-8B4A-11D0-8D11-00A0C91BC942}") = "BiTreeArray", "..\BiTreeArray\BiTreeArray\BiTreeArray.vcxproj", "{0ADDDA6F-5802-47E0-A7CC-62A191C9CED1}"
EndProject
Project("{2150E333-8FDC-42A3-9474-1A3956D46DE8}") = "树", "树", "{ADB32E52-FF52-49C3-A5B2-C612EB2CB5F9}"
EndProject
Project("{8BC9CEB8-8B4A-11D0-8D11-00A0C91BC942}") = "BiTreeLink", "..\BiTreeLink\BiTreeLink\BiTreeLink.vcxproj", "{00BE6907-8DF8-4C9C-BC66-C0A561BA5D35}"
EndProject
Project("{8BC9CEB8-8B4A-11D0-8D11-00A0C91BC942}") = "BiTreeThread", "..\BiTreeThread\BiTreeThread\BiTreeThread.vcxproj", "{E531052D-0BF8-47B3-80FB-CFA4C599FAE6}"
EndProject
Project("{8BC9CEB8-8B4A-11D0-8D11-00A0C91BC942}") = "CreateMGraph", "..\CreateMGraph\CreateMGraph\CreateMGraph.vcxproj", "{08950F28-B512-458F-8084-87D93CD06111}"
EndProject
Project("{8BC9CEB8-8B4A-11D0-8D11-00A0C91BC942}") = "Prim", "..\Prim\Prim\Prim.vcxproj", "{52422DEE-E06B-4593-8F69-3AB6150FB943}"
EndProject
Project("{2150E333-8FDC-42A3-9474-1A3956D46DE8}") = "图", "图", "{65D2F4D4-5FF0-4395-87E7-6BBA3A13D007}"
EndProject
Project("{8BC9CEB8-8B4A-11D0-8D11-00A0C91BC942}") = "Kruskal", "..\Kruskal\Kruskal\Kruskal.vcxproj", "{05AEEFB1-CF5C-4E33-B34E-5A0D318504C7}"
EndProject
Project("{8BC9CEB8-8B4A-11D0-8D11-00A0C91BC942}") = "CreateALGraph", "..\CreateALGraph\CreateALGraph\CreateALGraph.vcxproj", "{9F40BBB4-5C84-4A72-ADE7-8C56E9576038}"
EndProject
Project("{8BC9CEB8-8B4A-11D0-8D11-00A0C91BC942}") = "M_DFS_BFS", "..\M_DFS_BFS\M_DFS_BFS\M_DFS_BFS.vcxproj", "{063DC92F-6C31-43D0-BC77-E2A1C01157BF}"
EndProject
Project("{8BC9CEB8-8B4A-11D0-8D11-00A0C91BC942}") = "AL_DFS_BFS", "..\AL_DFS_BFS\AL_DFS_BFS\AL_DFS_BFS.vcxproj", "{CC549479-3F82-4059-9FBA-27CE6231A1E0}"
EndProject
Project("{8BC9CEB8-8B4A-11D0-8D11-00A0C91BC942}") = "Dijkstra", "..\Dijkstra\Dijkstra\Dijkstra.vcxproj", "{5B452976-9FF2-40AF-8543-69F7F73D1D9A}"
EndProject
Project("{8BC9CEB8-8B4A-11D0-8D11-00A0C91BC942}") = "Floyd", "..\Floyd\Floyd\Floyd.vcxproj", "{4D0BA355-A6EE-420F-B315-106F0763A9D9}"
EndProject
Project("{8BC9CEB8-8B4A-11D0-8D11-00A0C91BC942}") = "TopologicalSort", "..\TopologicalSort\TopologicalSort\TopologicalSort.vcxproj", "{82A0356A-8CC3-4F78-9C20-D6C8E7E7942C}"
EndProject
Project("{8BC9CEB8-8B4A-11D0-8D11-00A0C91BC942}") = "CriticalPath", "..\CriticalPath\CriticalPath\CriticalPath.vcxproj", "{9B80B32D-A7DC-47B5-9B54-383F6B48EA79}"
EndProject
Project("{8BC9CEB8-8B4A-11D0-8D11-00A0C91BC942}") = "static_search", "..\static_search\static_search\static_search.vcxproj", "{F9B55E1D-A862-4286-A8F8-54783B33DE23}"
EndProject
Project("{8BC9CEB8-8B4A-11D0-8D11-00A0C91BC942}") = "BST", "..\BST\BST\BST.vcxproj", "{56209998-F806-46F9-B0F9-154B27BB369F}"
EndProject
Project("{2150E333-8FDC-42A3-9474-1A3956D46DE8}") = "查找", "查找", "{42BB6F13-1452-4D41-8654-7C1F157EC3D1}"
EndProject
Project("{8BC9CEB8-8B4A-11D0-8D11-00A0C91BC942}") = "AVL_tree", "..\AVL_tree\AVL_tree\AVL_tree.vcxproj", "{F941B6F7-6F76-40D4-9F29-C0BC36238E9E}"
EndProject
Project("{8BC9CEB8-8B4A-11D0-8D11-00A0C91BC942}") = "BTree", "..\BTree\BTree\BTree.vcxproj", "{F1C0FE29-A877-4CE6-9874-5598A1E7826B}"
EndProject
Project("{8BC9CEB8-8B4A-11D0-8D11-00A0C91BC942}") = "HashTable", "..\HashTable\HashTable\HashTable.vcxproj", "{776BDB09-3F32-4238-873F-1DFB73EAF693}"
EndProject
Project("{8BC9CEB8-8B4A-11D0-8D11-00A0C91BC942}") = "sort", "..\sort\sort\sort.vcxproj", "{33DC0D3A-C7CB-4AED-8CD2-756553F6B2C8}"
EndProject
Project("{2150E333-8FDC-42A3-9474-1A3956D46DE8}") = "排序", "排序", "{BCF37FD9-B491-4C08-8E62-7267F7716E7C}"
EndProject
Global
	GlobalSection(SolutionConfigurationPlatforms) = preSolution
		Debug|x64 = Debug|x64
		Debug|x86 = Debug|x86
		Release|x64 = Release|x64
		Release|x86 = Release|x86
	EndGlobalSection
	GlobalSection(ProjectConfigurationPlatforms) = postSolution
		{6CBB00A1-2739-4085-AC43-00449DDA754A}.Debug|x64.ActiveCfg = Debug|x64
		{6CBB00A1-2739-4085-AC43-00449DDA754A}.Debug|x64.Build.0 = Debug|x64
		{6CBB00A1-2739-4085-AC43-00449DDA754A}.Debug|x86.ActiveCfg = Debug|Win32
		{6CBB00A1-2739-4085-AC43-00449DDA754A}.Debug|x86.Build.0 = Debug|Win32
		{6CBB00A1-2739-4085-AC43-00449DDA754A}.Release|x64.ActiveCfg = Release|x64
		{6CBB00A1-2739-4085-AC43-00449DDA754A}.Release|x64.Build.0 = Release|x64
		{6CBB00A1-2739-4085-AC43-00449DDA754A}.Release|x86.ActiveCfg = Release|Win32
		{6CBB00A1-2739-4085-AC43-00449DDA754A}.Release|x86.Build.0 = Release|Win32
		{26663AED-EB36-4B51-8F39-58245BF0E90B}.Debug|x64.ActiveCfg = Debug|x64
		{26663AED-EB36-4B51-8F39-58245BF0E90B}.Debug|x64.Build.0 = Debug|x64
		{26663AED-EB36-4B51-8F39-58245BF0E90B}.Debug|x86.ActiveCfg = Debug|Win32
		{26663AED-EB36-4B51-8F39-58245BF0E90B}.Debug|x86.Build.0 = Debug|Win32
		{26663AED-EB36-4B51-8F39-58245BF0E90B}.Release|x64.ActiveCfg = Release|x64
		{26663AED-EB36-4B51-8F39-58245BF0E90B}.Release|x64.Build.0 = Release|x64
		{26663AED-EB36-4B51-8F39-58245BF0E90B}.Release|x86.ActiveCfg = Release|Win32
		{26663AED-EB36-4B51-8F39-58245BF0E90B}.Release|x86.Build.0 = Release|Win32
		{B068397B-334E-4FE0-8AB7-6F11B16E9B19}.Debug|x64.ActiveCfg = Debug|x64
		{B068397B-334E-4FE0-8AB7-6F11B16E9B19}.Debug|x64.Build.0 = Debug|x64
		{B068397B-334E-4FE0-8AB7-6F11B16E9B19}.Debug|x86.ActiveCfg = Debug|Win32
		{B068397B-334E-4FE0-8AB7-6F11B16E9B19}.Debug|x86.Build.0 = Debug|Win32
		{B068397B-334E-4FE0-8AB7-6F11B16E9B19}.Release|x64.ActiveCfg = Release|x64
		{B068397B-334E-4FE0-8AB7-6F11B16E9B19}.Release|x64.Build.0 = Release|x64
		{B068397B-334E-4FE0-8AB7-6F11B16E9B19}.Release|x86.ActiveCfg = Release|Win32
		{B068397B-334E-4FE0-8AB7-6F11B16E9B19}.Release|x86.Build.0 = Release|Win32
		{1DB5802A-FF7F-4511-B479-23EBA1D139CB}.Debug|x64.ActiveCfg = Debug|x64
		{1DB5802A-FF7F-4511-B479-23EBA1D139CB}.Debug|x64.Build.0 = Debug|x64
		{1DB5802A-FF7F-4511-B479-23EBA1D139CB}.Debug|x86.ActiveCfg = Debug|Win32
		{1DB5802A-FF7F-4511-B479-23EBA1D139CB}.Debug|x86.Build.0 = Debug|Win32
		{1DB5802A-FF7F-4511-B479-23EBA1D139CB}.Release|x64.ActiveCfg = Release|x64
		{1DB5802A-FF7F-4511-B479-23EBA1D139CB}.Release|x64.Build.0 = Release|x64
		{1DB5802A-FF7F-4511-B479-23EBA1D139CB}.Release|x86.ActiveCfg = Release|Win32
		{1DB5802A-FF7F-4511-B479-23EBA1D139CB}.Release|x86.Build.0 = Release|Win32
		{CEF52604-E4FD-47BD-B4F4-1B2AE552828D}.Debug|x64.ActiveCfg = Debug|x64
		{CEF52604-E4FD-47BD-B4F4-1B2AE552828D}.Debug|x64.Build.0 = Debug|x64
		{CEF52604-E4FD-47BD-B4F4-1B2AE552828D}.Debug|x86.ActiveCfg = Debug|Win32
		{CEF52604-E4FD-47BD-B4F4-1B2AE552828D}.Debug|x86.Build.0 = Debug|Win32
		{CEF52604-E4FD-47BD-B4F4-1B2AE552828D}.Release|x64.ActiveCfg = Release|x64
		{CEF52604-E4FD-47BD-B4F4-1B2AE552828D}.Release|x64.Build.0 = Release|x64
		{CEF52604-E4FD-47BD-B4F4-1B2AE552828D}.Release|x86.ActiveCfg = Release|Win32
		{CEF52604-E4FD-47BD-B4F4-1B2AE552828D}.Release|x86.Build.0 = Release|Win32
		{E9986EAC-F8B6-4ADF-91F9-63977AFDD347}.Debug|x64.ActiveCfg = Debug|x64
		{E9986EAC-F8B6-4ADF-91F9-63977AFDD347}.Debug|x64.Build.0 = Debug|x64
		{E9986EAC-F8B6-4ADF-91F9-63977AFDD347}.Debug|x86.ActiveCfg = Debug|Win32
		{E9986EAC-F8B6-4ADF-91F9-63977AFDD347}.Debug|x86.Build.0 = Debug|Win32
		{E9986EAC-F8B6-4ADF-91F9-63977AFDD347}.Release|x64.ActiveCfg = Release|x64
		{E9986EAC-F8B6-4ADF-91F9-63977AFDD347}.Release|x64.Build.0 = Release|x64
		{E9986EAC-F8B6-4ADF-91F9-63977AFDD347}.Release|x86.ActiveCfg = Release|Win32
		{E9986EAC-F8B6-4ADF-91F9-63977AFDD347}.Release|x86.Build.0 = Release|Win32
		{02A4FCEF-87FE-49DD-96B3-312947256C76}.Debug|x64.ActiveCfg = Debug|x64
		{02A4FCEF-87FE-49DD-96B3-312947256C76}.Debug|x64.Build.0 = Debug|x64
		{02A4FCEF-87FE-49DD-96B3-312947256C76}.Debug|x86.ActiveCfg = Debug|Win32
		{02A4FCEF-87FE-49DD-96B3-312947256C76}.Debug|x86.Build.0 = Debug|Win32
		{02A4FCEF-87FE-49DD-96B3-312947256C76}.Release|x64.ActiveCfg = Release|x64
		{02A4FCEF-87FE-49DD-96B3-312947256C76}.Release|x64.Build.0 = Release|x64
		{02A4FCEF-87FE-49DD-96B3-312947256C76}.Release|x86.ActiveCfg = Release|Win32
		{02A4FCEF-87FE-49DD-96B3-312947256C76}.Release|x86.Build.0 = Release|Win32
		{ABD97C6F-EE5F-4AB6-9FF9-2802BF6259D4}.Debug|x64.ActiveCfg = Debug|x64
		{ABD97C6F-EE5F-4AB6-9FF9-2802BF6259D4}.Debug|x64.Build.0 = Debug|x64
		{ABD97C6F-EE5F-4AB6-9FF9-2802BF6259D4}.Debug|x86.ActiveCfg = Debug|Win32
		{ABD97C6F-EE5F-4AB6-9FF9-2802BF6259D4}.Debug|x86.Build.0 = Debug|Win32
		{ABD97C6F-EE5F-4AB6-9FF9-2802BF6259D4}.Release|x64.ActiveCfg = Release|x64
		{ABD97C6F-EE5F-4AB6-9FF9-2802BF6259D4}.Release|x64.Build.0 = Release|x64
		{ABD97C6F-EE5F-4AB6-9FF9-2802BF6259D4}.Release|x86.ActiveCfg = Release|Win32
		{ABD97C6F-EE5F-4AB6-9FF9-2802BF6259D4}.Release|x86.Build.0 = Release|Win32
		{07883E8F-7EFD-40EC-B32E-D16FEB2DF526}.Debug|x64.ActiveCfg = Debug|x64
		{07883E8F-7EFD-40EC-B32E-D16FEB2DF526}.Debug|x64.Build.0 = Debug|x64
		{07883E8F-7EFD-40EC-B32E-D16FEB2DF526}.Debug|x86.ActiveCfg = Debug|Win32
		{07883E8F-7EFD-40EC-B32E-D16FEB2DF526}.Debug|x86.Build.0 = Debug|Win32
		{07883E8F-7EFD-40EC-B32E-D16FEB2DF526}.Release|x64.ActiveCfg = Release|x64
		{07883E8F-7EFD-40EC-B32E-D16FEB2DF526}.Release|x64.Build.0 = Release|x64
		{07883E8F-7EFD-40EC-B32E-D16FEB2DF526}.Release|x86.ActiveCfg = Release|Win32
		{07883E8F-7EFD-40EC-B32E-D16FEB2DF526}.Release|x86.Build.0 = Release|Win32
		{1D29D47B-7F97-4441-B17E-9B54D66E0C80}.Debug|x64.ActiveCfg = Debug|x64
		{1D29D47B-7F97-4441-B17E-9B54D66E0C80}.Debug|x64.Build.0 = Debug|x64
		{1D29D47B-7F97-4441-B17E-9B54D66E0C80}.Debug|x86.ActiveCfg = Debug|Win32
		{1D29D47B-7F97-4441-B17E-9B54D66E0C80}.Debug|x86.Build.0 = Debug|Win32
		{1D29D47B-7F97-4441-B17E-9B54D66E0C80}.Release|x64.ActiveCfg = Release|x64
		{1D29D47B-7F97-4441-B17E-9B54D66E0C80}.Release|x64.Build.0 = Release|x64
		{1D29D47B-7F97-4441-B17E-9B54D66E0C80}.Release|x86.ActiveCfg = Release|Win32
		{1D29D47B-7F97-4441-B17E-9B54D66E0C80}.Release|x86.Build.0 = Release|Win32
		{C7C82A52-5FBD-4120-8BC1-61231B7C2840}.Debug|x64.ActiveCfg = Debug|x64
		{C7C82A52-5FBD-4120-8BC1-61231B7C2840}.Debug|x64.Build.0 = Debug|x64
		{C7C82A52-5FBD-4120-8BC1-61231B7C2840}.Debug|x86.ActiveCfg = Debug|Win32
		{C7C82A52-5FBD-4120-8BC1-61231B7C2840}.Debug|x86.Build.0 = Debug|Win32
		{C7C82A52-5FBD-4120-8BC1-61231B7C2840}.Release|x64.ActiveCfg = Release|x64
		{C7C82A52-5FBD-4120-8BC1-61231B7C2840}.Release|x64.Build.0 = Release|x64
		{C7C82A52-5FBD-4120-8BC1-61231B7C2840}.Release|x86.ActiveCfg = Release|Win32
		{C7C82A52-5FBD-4120-8BC1-61231B7C2840}.Release|x86.Build.0 = Release|Win32
		{EBDAB2EC-A6B2-4AA2-A6FB-30A85F932108}.Debug|x64.ActiveCfg = Debug|x64
		{EBDAB2EC-A6B2-4AA2-A6FB-30A85F932108}.Debug|x64.Build.0 = Debug|x64
		{EBDAB2EC-A6B2-4AA2-A6FB-30A85F932108}.Debug|x86.ActiveCfg = Debug|Win32
		{EBDAB2EC-A6B2-4AA2-A6FB-30A85F932108}.Debug|x86.Build.0 = Debug|Win32
		{EBDAB2EC-A6B2-4AA2-A6FB-30A85F932108}.Release|x64.ActiveCfg = Release|x64
		{EBDAB2EC-A6B2-4AA2-A6FB-30A85F932108}.Release|x64.Build.0 = Release|x64
		{EBDAB2EC-A6B2-4AA2-A6FB-30A85F932108}.Release|x86.ActiveCfg = Release|Win32
		{EBDAB2EC-A6B2-4AA2-A6FB-30A85F932108}.Release|x86.Build.0 = Release|Win32
		{7A2720F6-FCE6-43B5-B414-5DD890EE2176}.Debug|x64.ActiveCfg = Debug|x64
		{7A2720F6-FCE6-43B5-B414-5DD890EE2176}.Debug|x64.Build.0 = Debug|x64
		{7A2720F6-FCE6-43B5-B414-5DD890EE2176}.Debug|x86.ActiveCfg = Debug|Win32
		{7A2720F6-FCE6-43B5-B414-5DD890EE2176}.Debug|x86.Build.0 = Debug|Win32
		{7A2720F6-FCE6-43B5-B414-5DD890EE2176}.Release|x64.ActiveCfg = Release|x64
		{7A2720F6-FCE6-43B5-B414-5DD890EE2176}.Release|x64.Build.0 = Release|x64
		{7A2720F6-FCE6-43B5-B414-5DD890EE2176}.Release|x86.ActiveCfg = Release|Win32
		{7A2720F6-FCE6-43B5-B414-5DD890EE2176}.Release|x86.Build.0 = Release|Win32
		{0ADDDA6F-5802-47E0-A7CC-62A191C9CED1}.Debug|x64.ActiveCfg = Debug|x64
		{0ADDDA6F-5802-47E0-A7CC-62A191C9CED1}.Debug|x64.Build.0 = Debug|x64
		{0ADDDA6F-5802-47E0-A7CC-62A191C9CED1}.Debug|x86.ActiveCfg = Debug|Win32
		{0ADDDA6F-5802-47E0-A7CC-62A191C9CED1}.Debug|x86.Build.0 = Debug|Win32
		{0ADDDA6F-5802-47E0-A7CC-62A191C9CED1}.Release|x64.ActiveCfg = Release|x64
		{0ADDDA6F-5802-47E0-A7CC-62A191C9CED1}.Release|x64.Build.0 = Release|x64
		{0ADDDA6F-5802-47E0-A7CC-62A191C9CED1}.Release|x86.ActiveCfg = Release|Win32
		{0ADDDA6F-5802-47E0-A7CC-62A191C9CED1}.Release|x86.Build.0 = Release|Win32
		{00BE6907-8DF8-4C9C-BC66-C0A561BA5D35}.Debug|x64.ActiveCfg = Debug|x64
		{00BE6907-8DF8-4C9C-BC66-C0A561BA5D35}.Debug|x64.Build.0 = Debug|x64
		{00BE6907-8DF8-4C9C-BC66-C0A561BA5D35}.Debug|x86.ActiveCfg = Debug|Win32
		{00BE6907-8DF8-4C9C-BC66-C0A561BA5D35}.Debug|x86.Build.0 = Debug|Win32
		{00BE6907-8DF8-4C9C-BC66-C0A561BA5D35}.Release|x64.ActiveCfg = Release|x64
		{00BE6907-8DF8-4C9C-BC66-C0A561BA5D35}.Release|x64.Build.0 = Release|x64
		{00BE6907-8DF8-4C9C-BC66-C0A561BA5D35}.Release|x86.ActiveCfg = Release|Win32
		{00BE6907-8DF8-4C9C-BC66-C0A561BA5D35}.Release|x86.Build.0 = Release|Win32
		{E531052D-0BF8-47B3-80FB-CFA4C599FAE6}.Debug|x64.ActiveCfg = Debug|x64
		{E531052D-0BF8-47B3-80FB-CFA4C599FAE6}.Debug|x64.Build.0 = Debug|x64
		{E531052D-0BF8-47B3-80FB-CFA4C599FAE6}.Debug|x86.ActiveCfg = Debug|Win32
		{E531052D-0BF8-47B3-80FB-CFA4C599FAE6}.Debug|x86.Build.0 = Debug|Win32
		{E531052D-0BF8-47B3-80FB-CFA4C599FAE6}.Release|x64.ActiveCfg = Release|x64
		{E531052D-0BF8-47B3-80FB-CFA4C599FAE6}.Release|x64.Build.0 = Release|x64
		{E531052D-0BF8-47B3-80FB-CFA4C599FAE6}.Release|x86.ActiveCfg = Release|Win32
		{E531052D-0BF8-47B3-80FB-CFA4C599FAE6}.Release|x86.Build.0 = Release|Win32
		{08950F28-B512-458F-8084-87D93CD06111}.Debug|x64.ActiveCfg = Debug|x64
		{08950F28-B512-458F-8084-87D93CD06111}.Debug|x64.Build.0 = Debug|x64
		{08950F28-B512-458F-8084-87D93CD06111}.Debug|x86.ActiveCfg = Debug|Win32
		{08950F28-B512-458F-8084-87D93CD06111}.Debug|x86.Build.0 = Debug|Win32
		{08950F28-B512-458F-8084-87D93CD06111}.Release|x64.ActiveCfg = Release|x64
		{08950F28-B512-458F-8084-87D93CD06111}.Release|x64.Build.0 = Release|x64
		{08950F28-B512-458F-8084-87D93CD06111}.Release|x86.ActiveCfg = Release|Win32
		{08950F28-B512-458F-8084-87D93CD06111}.Release|x86.Build.0 = Release|Win32
		{52422DEE-E06B-4593-8F69-3AB6150FB943}.Debug|x64.ActiveCfg = Debug|x64
		{52422DEE-E06B-4593-8F69-3AB6150FB943}.Debug|x64.Build.0 = Debug|x64
		{52422DEE-E06B-4593-8F69-3AB6150FB943}.Debug|x86.ActiveCfg = Debug|Win32
		{52422DEE-E06B-4593-8F69-3AB6150FB943}.Debug|x86.Build.0 = Debug|Win32
		{52422DEE-E06B-4593-8F69-3AB6150FB943}.Release|x64.ActiveCfg = Release|x64
		{52422DEE-E06B-4593-8F69-3AB6150FB943}.Release|x64.Build.0 = Release|x64
		{52422DEE-E06B-4593-8F69-3AB6150FB943}.Release|x86.ActiveCfg = Release|Win32
		{52422DEE-E06B-4593-8F69-3AB6150FB943}.Release|x86.Build.0 = Release|Win32
		{05AEEFB1-CF5C-4E33-B34E-5A0D318504C7}.Debug|x64.ActiveCfg = Debug|x64
		{05AEEFB1-CF5C-4E33-B34E-5A0D318504C7}.Debug|x64.Build.0 = Debug|x64
		{05AEEFB1-CF5C-4E33-B34E-5A0D318504C7}.Debug|x86.ActiveCfg = Debug|Win32
		{05AEEFB1-CF5C-4E33-B34E-5A0D318504C7}.Debug|x86.Build.0 = Debug|Win32
		{05AEEFB1-CF5C-4E33-B34E-5A0D318504C7}.Release|x64.ActiveCfg = Release|x64
		{05AEEFB1-CF5C-4E33-B34E-5A0D318504C7}.Release|x64.Build.0 = Release|x64
		{05AEEFB1-CF5C-4E33-B34E-5A0D318504C7}.Release|x86.ActiveCfg = Release|Win32
		{05AEEFB1-CF5C-4E33-B34E-5A0D318504C7}.Release|x86.Build.0 = Release|Win32
		{9F40BBB4-5C84-4A72-ADE7-8C56E9576038}.Debug|x64.ActiveCfg = Debug|x64
		{9F40BBB4-5C84-4A72-ADE7-8C56E9576038}.Debug|x64.Build.0 = Debug|x64
		{9F40BBB4-5C84-4A72-ADE7-8C56E9576038}.Debug|x86.ActiveCfg = Debug|Win32
		{9F40BBB4-5C84-4A72-ADE7-8C56E9576038}.Debug|x86.Build.0 = Debug|Win32
		{9F40BBB4-5C84-4A72-ADE7-8C56E9576038}.Release|x64.ActiveCfg = Release|x64
		{9F40BBB4-5C84-4A72-ADE7-8C56E9576038}.Release|x64.Build.0 = Release|x64
		{9F40BBB4-5C84-4A72-ADE7-8C56E9576038}.Release|x86.ActiveCfg = Release|Win32
		{9F40BBB4-5C84-4A72-ADE7-8C56E9576038}.Release|x86.Build.0 = Release|Win32
		{063DC92F-6C31-43D0-BC77-E2A1C01157BF}.Debug|x64.ActiveCfg = Debug|x64
		{063DC92F-6C31-43D0-BC77-E2A1C01157BF}.Debug|x64.Build.0 = Debug|x64
		{063DC92F-6C31-43D0-BC77-E2A1C01157BF}.Debug|x86.ActiveCfg = Debug|Win32
		{063DC92F-6C31-43D0-BC77-E2A1C01157BF}.Debug|x86.Build.0 = Debug|Win32
		{063DC92F-6C31-43D0-BC77-E2A1C01157BF}.Release|x64.ActiveCfg = Release|x64
		{063DC92F-6C31-43D0-BC77-E2A1C01157BF}.Release|x64.Build.0 = Release|x64
		{063DC92F-6C31-43D0-BC77-E2A1C01157BF}.Release|x86.ActiveCfg = Release|Win32
		{063DC92F-6C31-43D0-BC77-E2A1C01157BF}.Release|x86.Build.0 = Release|Win32
		{CC549479-3F82-4059-9FBA-27CE6231A1E0}.Debug|x64.ActiveCfg = Debug|x64
		{CC549479-3F82-4059-9FBA-27CE6231A1E0}.Debug|x64.Build.0 = Debug|x64
		{CC549479-3F82-4059-9FBA-27CE6231A1E0}.Debug|x86.ActiveCfg = Debug|Win32
		{CC549479-3F82-4059-9FBA-27CE6231A1E0}.Debug|x86.Build.0 = Debug|Win32
		{CC549479-3F82-4059-9FBA-27CE6231A1E0}.Release|x64.ActiveCfg = Release|x64
		{CC549479-3F82-4059-9FBA-27CE6231A1E0}.Release|x64.Build.0 = Release|x64
		{CC549479-3F82-4059-9FBA-27CE6231A1E0}.Release|x86.ActiveCfg = Release|Win32
		{CC549479-3F82-4059-9FBA-27CE6231A1E0}.Release|x86.Build.0 = Release|Win32
		{5B452976-9FF2-40AF-8543-69F7F73D1D9A}.Debug|x64.ActiveCfg = Debug|x64
		{5B452976-9FF2-40AF-8543-69F7F73D1D9A}.Debug|x64.Build.0 = Debug|x64
		{5B452976-9FF2-40AF-8543-69F7F73D1D9A}.Debug|x86.ActiveCfg = Debug|Win32
		{5B452976-9FF2-40AF-8543-69F7F73D1D9A}.Debug|x86.Build.0 = Debug|Win32
		{5B452976-9FF2-40AF-8543-69F7F73D1D9A}.Release|x64.ActiveCfg = Release|x64
		{5B452976-9FF2-40AF-8543-69F7F73D1D9A}.Release|x64.Build.0 = Release|x64
		{5B452976-9FF2-40AF-8543-69F7F73D1D9A}.Release|x86.ActiveCfg = Release|Win32
		{5B452976-9FF2-40AF-8543-69F7F73D1D9A}.Release|x86.Build.0 = Release|Win32
		{4D0BA355-A6EE-420F-B315-106F0763A9D9}.Debug|x64.ActiveCfg = Debug|x64
		{4D0BA355-A6EE-420F-B315-106F0763A9D9}.Debug|x64.Build.0 = Debug|x64
		{4D0BA355-A6EE-420F-B315-106F0763A9D9}.Debug|x86.ActiveCfg = Debug|Win32
		{4D0BA355-A6EE-420F-B315-106F0763A9D9}.Debug|x86.Build.0 = Debug|Win32
		{4D0BA355-A6EE-420F-B315-106F0763A9D9}.Release|x64.ActiveCfg = Release|x64
		{4D0BA355-A6EE-420F-B315-106F0763A9D9}.Release|x64.Build.0 = Release|x64
		{4D0BA355-A6EE-420F-B315-106F0763A9D9}.Release|x86.ActiveCfg = Release|Win32
		{4D0BA355-A6EE-420F-B315-106F0763A9D9}.Release|x86.Build.0 = Release|Win32
		{82A0356A-8CC3-4F78-9C20-D6C8E7E7942C}.Debug|x64.ActiveCfg = Debug|x64
		{82A0356A-8CC3-4F78-9C20-D6C8E7E7942C}.Debug|x64.Build.0 = Debug|x64
		{82A0356A-8CC3-4F78-9C20-D6C8E7E7942C}.Debug|x86.ActiveCfg = Debug|Win32
		{82A0356A-8CC3-4F78-9C20-D6C8E7E7942C}.Debug|x86.Build.0 = Debug|Win32
		{82A0356A-8CC3-4F78-9C20-D6C8E7E7942C}.Release|x64.ActiveCfg = Release|x64
		{82A0356A-8CC3-4F78-9C20-D6C8E7E7942C}.Release|x64.Build.0 = Release|x64
		{82A0356A-8CC3-4F78-9C20-D6C8E7E7942C}.Release|x86.ActiveCfg = Release|Win32
		{82A0356A-8CC3-4F78-9C20-D6C8E7E7942C}.Release|x86.Build.0 = Release|Win32
		{9B80B32D-A7DC-47B5-9B54-383F6B48EA79}.Debug|x64.ActiveCfg = Debug|x64
		{9B80B32D-A7DC-47B5-9B54-383F6B48EA79}.Debug|x64.Build.0 = Debug|x64
		{9B80B32D-A7DC-47B5-9B54-383F6B48EA79}.Debug|x86.ActiveCfg = Debug|Win32
		{9B80B32D-A7DC-47B5-9B54-383F6B48EA79}.Debug|x86.Build.0 = Debug|Win32
		{9B80B32D-A7DC-47B5-9B54-383F6B48EA79}.Release|x64.ActiveCfg = Release|x64
		{9B80B32D-A7DC-47B5-9B54-383F6B48EA79}.Release|x64.Build.0 = Release|x64
		{9B80B32D-A7DC-47B5-9B54-383F6B48EA79}.Release|x86.ActiveCfg = Release|Win32
		{9B80B32D-A7DC-47B5-9B54-383F6B48EA79}.Release|x86.Build.0 = Release|Win32
		{F9B55E1D-A862-4286-A8F8-54783B33DE23}.Debug|x64.ActiveCfg = Debug|x64
		{F9B55E1D-A862-4286-A8F8-54783B33DE23}.Debug|x64.Build.0 = Debug|x64
		{F9B55E1D-A862-4286-A8F8-54783B33DE23}.Debug|x86.ActiveCfg = Debug|Win32
		{F9B55E1D-A862-4286-A8F8-54783B33DE23}.Debug|x86.Build.0 = Debug|Win32
		{F9B55E1D-A862-4286-A8F8-54783B33DE23}.Release|x64.ActiveCfg = Release|x64
		{F9B55E1D-A862-4286-A8F8-54783B33DE23}.Release|x64.Build.0 = Release|x64
		{F9B55E1D-A862-4286-A8F8-54783B33DE23}.Release|x86.ActiveCfg = Release|Win32
		{F9B55E1D-A862-4286-A8F8-54783B33DE23}.Release|x86.Build.0 = Release|Win32
		{56209998-F806-46F9-B0F9-154B27BB369F}.Debug|x64.ActiveCfg = Debug|x64
		{56209998-F806-46F9-B0F9-154B27BB369F}.Debug|x64.Build.0 = Debug|x64
		{56209998-F806-46F9-B0F9-154B27BB369F}.Debug|x86.ActiveCfg = Debug|Win32
		{56209998-F806-46F9-B0F9-154B27BB369F}.Debug|x86.Build.0 = Debug|Win32
		{56209998-F806-46F9-B0F9-154B27BB369F}.Release|x64.ActiveCfg = Release|x64
		{56209998-F806-46F9-B0F9-154B27BB369F}.Release|x64.Build.0 = Release|x64
		{56209998-F806-46F9-B0F9-154B27BB369F}.Release|x86.ActiveCfg = Release|Win32
		{56209998-F806-46F9-B0F9-154B27BB369F}.Release|x86.Build.0 = Release|Win32
		{F941B6F7-6F76-40D4-9F29-C0BC36238E9E}.Debug|x64.ActiveCfg = Debug|x64
		{F941B6F7-6F76-40D4-9F29-C0BC36238E9E}.Debug|x64.Build.0 = Debug|x64
		{F941B6F7-6F76-40D4-9F29-C0BC36238E9E}.Debug|x86.ActiveCfg = Debug|Win32
		{F941B6F7-6F76-40D4-9F29-C0BC36238E9E}.Debug|x86.Build.0 = Debug|Win32
		{F941B6F7-6F76-40D4-9F29-C0BC36238E9E}.Release|x64.ActiveCfg = Release|x64
		{F941B6F7-6F76-40D4-9F29-C0BC36238E9E}.Release|x64.Build.0 = Release|x64
		{F941B6F7-6F76-40D4-9F29-C0BC36238E9E}.Release|x86.ActiveCfg = Release|Win32
		{F941B6F7-6F76-40D4-9F29-C0BC36238E9E}.Release|x86.Build.0 = Release|Win32
		{F1C0FE29-A877-4CE6-9874-5598A1E7826B}.Debug|x64.ActiveCfg = Debug|x64
		{F1C0FE29-A877-4CE6-9874-5598A1E7826B}.Debug|x64.Build.0 = Debug|x64
		{F1C0FE29-A877-4CE6-9874-5598A1E7826B}.Debug|x86.ActiveCfg = Debug|Win32
		{F1C0FE29-A877-4CE6-9874-5598A1E7826B}.Debug|x86.Build.0 = Debug|Win32
		{F1C0FE29-A877-4CE6-9874-5598A1E7826B}.Release|x64.ActiveCfg = Release|x64
		{F1C0FE29-A877-4CE6-9874-5598A1E7826B}.Release|x64.Build.0 = Release|x64
		{F1C0FE29-A877-4CE6-9874-5598A1E7826B}.Release|x86.ActiveCfg = Release|Win32
		{F1C0FE29-A877-4CE6-9874-5598A1E7826B}.Release|x86.Build.0 = Release|Win32
		{776BDB09-3F32-4238-873F-1DFB73EAF693}.Debug|x64.ActiveCfg = Debug|x64
		{776BDB09-3F32-4238-873F-1DFB73EAF693}.Debug|x64.Build.0 = Debug|x64
		{776BDB09-3F32-4238-873F-1DFB73EAF693}.Debug|x86.ActiveCfg = Debug|Win32
		{776BDB09-3F32-4238-873F-1DFB73EAF693}.Debug|x86.Build.0 = Debug|Win32
		{776BDB09-3F32-4238-873F-1DFB73EAF693}.Release|x64.ActiveCfg = Release|x64
		{776BDB09-3F32-4238-873F-1DFB73EAF693}.Release|x64.Build.0 = Release|x64
		{776BDB09-3F32-4238-873F-1DFB73EAF693}.Release|x86.ActiveCfg = Release|Win32
		{776BDB09-3F32-4238-873F-1DFB73EAF693}.Release|x86.Build.0 = Release|Win32
		{33DC0D3A-C7CB-4AED-8CD2-756553F6B2C8}.Debug|x64.ActiveCfg = Debug|x64
		{33DC0D3A-C7CB-4AED-8CD2-756553F6B2C8}.Debug|x64.Build.0 = Debug|x64
		{33DC0D3A-C7CB-4AED-8CD2-756553F6B2C8}.Debug|x86.ActiveCfg = Debug|Win32
		{33DC0D3A-C7CB-4AED-8CD2-756553F6B2C8}.Debug|x86.Build.0 = Debug|Win32
		{33DC0D3A-C7CB-4AED-8CD2-756553F6B2C8}.Release|x64.ActiveCfg = Release|x64
		{33DC0D3A-C7CB-4AED-8CD2-756553F6B2C8}.Release|x64.Build.0 = Release|x64
		{33DC0D3A-C7CB-4AED-8CD2-756553F6B2C8}.Release|x86.ActiveCfg = Release|Win32
		{33DC0D3A-C7CB-4AED-8CD2-756553F6B2C8}.Release|x86.Build.0 = Release|Win32
	EndGlobalSection
	GlobalSection(SolutionProperties) = preSolution
		HideSolutionNode = FALSE
	EndGlobalSection
	GlobalSection(NestedProjects) = preSolution
		{26663AED-EB36-4B51-8F39-58245BF0E90B} = {E2C1DF14-E4CD-4EBB-9E25-167247B25968}
		{B068397B-334E-4FE0-8AB7-6F11B16E9B19} = {E2C1DF14-E4CD-4EBB-9E25-167247B25968}
		{1DB5802A-FF7F-4511-B479-23EBA1D139CB} = {E2C1DF14-E4CD-4EBB-9E25-167247B25968}
		{CEF52604-E4FD-47BD-B4F4-1B2AE552828D} = {F43C23D2-137B-4C2F-8DD6-79AA11DA7DF9}
		{E9986EAC-F8B6-4ADF-91F9-63977AFDD347} = {F43C23D2-137B-4C2F-8DD6-79AA11DA7DF9}
		{02A4FCEF-87FE-49DD-96B3-312947256C76} = {F43C23D2-137B-4C2F-8DD6-79AA11DA7DF9}
		{ABD97C6F-EE5F-4AB6-9FF9-2802BF6259D4} = {F43C23D2-137B-4C2F-8DD6-79AA11DA7DF9}
		{07883E8F-7EFD-40EC-B32E-D16FEB2DF526} = {F43C23D2-137B-4C2F-8DD6-79AA11DA7DF9}
		{1D29D47B-7F97-4441-B17E-9B54D66E0C80} = {F43C23D2-137B-4C2F-8DD6-79AA11DA7DF9}
		{C7C82A52-5FBD-4120-8BC1-61231B7C2840} = {01FA9C0D-C020-4EC5-BBCD-0D8890D6F150}
		{EBDAB2EC-A6B2-4AA2-A6FB-30A85F932108} = {01FA9C0D-C020-4EC5-BBCD-0D8890D6F150}
		{7A2720F6-FCE6-43B5-B414-5DD890EE2176} = {01FA9C0D-C020-4EC5-BBCD-0D8890D6F150}
		{0ADDDA6F-5802-47E0-A7CC-62A191C9CED1} = {ADB32E52-FF52-49C3-A5B2-C612EB2CB5F9}
		{00BE6907-8DF8-4C9C-BC66-C0A561BA5D35} = {ADB32E52-FF52-49C3-A5B2-C612EB2CB5F9}
		{E531052D-0BF8-47B3-80FB-CFA4C599FAE6} = {ADB32E52-FF52-49C3-A5B2-C612EB2CB5F9}
		{08950F28-B512-458F-8084-87D93CD06111} = {65D2F4D4-5FF0-4395-87E7-6BBA3A13D007}
		{52422DEE-E06B-4593-8F69-3AB6150FB943} = {65D2F4D4-5FF0-4395-87E7-6BBA3A13D007}
		{05AEEFB1-CF5C-4E33-B34E-5A0D318504C7} = {65D2F4D4-5FF0-4395-87E7-6BBA3A13D007}
		{9F40BBB4-5C84-4A72-ADE7-8C56E9576038} = {65D2F4D4-5FF0-4395-87E7-6BBA3A13D007}
		{063DC92F-6C31-43D0-BC77-E2A1C01157BF} = {65D2F4D4-5FF0-4395-87E7-6BBA3A13D007}
		{CC549479-3F82-4059-9FBA-27CE6231A1E0} = {65D2F4D4-5FF0-4395-87E7-6BBA3A13D007}
		{5B452976-9FF2-40AF-8543-69F7F73D1D9A} = {65D2F4D4-5FF0-4395-87E7-6BBA3A13D007}
		{4D0BA355-A6EE-420F-B315-106F0763A9D9} = {65D2F4D4-5FF0-4395-87E7-6BBA3A13D007}
		{82A0356A-8CC3-4F78-9C20-D6C8E7E7942C} = {65D2F4D4-5FF0-4395-87E7-6BBA3A13D007}
		{9B80B32D-A7DC-47B5-9B54-383F6B48EA79} = {65D2F4D4-5FF0-4395-87E7-6BBA3A13D007}
		{F9B55E1D-A862-4286-A8F8-54783B33DE23} = {42BB6F13-1452-4D41-8654-7C1F157EC3D1}
		{56209998-F806-46F9-B0F9-154B27BB369F} = {42BB6F13-1452-4D41-8654-7C1F157EC3D1}
		{F941B6F7-6F76-40D4-9F29-C0BC36238E9E} = {42BB6F13-1452-4D41-8654-7C1F157EC3D1}
		{F1C0FE29-A877-4CE6-9874-5598A1E7826B} = {42BB6F13-1452-4D41-8654-7C1F157EC3D1}
		{776BDB09-3F32-4238-873F-1DFB73EAF693} = {42BB6F13-1452-4D41-8654-7C1F157EC3D1}
		{33DC0D3A-C7CB-4AED-8CD2-756553F6B2C8} = {BCF37FD9-B491-4C08-8E62-7267F7716E7C}
	EndGlobalSection
	GlobalSection(ExtensibilityGlobals) = postSolution
		SolutionGuid = {51389890-DBBB-4F45-8E3A-873C5092739B}
	EndGlobalSection
EndGlobal
